
Microsoft Visual Studio Solution File, Format Version 12.00
# Visual Studio 2012
Project("{FAE04EC0-301F-11D3-BF4B-00C04F79EFBC}") = "pageMaster", "pageMaster\pageMaster.csproj", "{6B2FA45B-4106-442A-959E-92B2CDECB906}"
EndProject
Global
	GlobalSection(SolutionConfigurationPlatforms) = preSolution
		Debug|Any CPU = Debug|Any CPU
		Release|Any CPU = Release|Any CPU
	EndGlobalSection
	GlobalSection(ProjectConfigurationPlatforms) = postSolution
		{6B2FA45B-4106-442A-959E-92B2CDECB906}.Debug|Any CPU.ActiveCfg = Debug|Any CPU
		{6B2FA45B-4106-442A-959E-92B2CDECB906}.Debug|Any CPU.Build.0 = Debug|Any CPU
		{6B2FA45B-4106-442A-959E-92B2CDECB906}.Release|Any CPU.ActiveCfg = Release|Any CPU
		{6B2FA45B-4106-442A-959E-92B2CDECB906}.Release|Any CPU.Build.0 = Release|Any CPU
	EndGlobalSection
	GlobalSection(SolutionProperties) = preSolution
		HideSolutionNode = FALSE
	EndGlobalSection
EndGlobal
